# This file is generated by running "yarn install" inside your project.
# Manual changes might be lost - proceed with caution!

__metadata:
  version: 6
  cacheKey: 8

"@babel/runtime@npm:^7.9.2":
  version: 7.19.4
  resolution: "@babel/runtime@npm:7.19.4"
  dependencies:
    regenerator-runtime: ^0.13.4
  checksum: 66b7e3c13e9ee1d2c9397ea89144f29a875edee266a0eb2d9971be51b32fdbafc85808c7a45e011e6681899bb804b4e2ee2aed6dc07108dbbd6b11b6cc2afba6
  languageName: node
  linkType: hard

"@esbuild/android-arm@npm:0.15.11":
  version: 0.15.11
  resolution: "@esbuild/android-arm@npm:0.15.11"
  conditions: os=android & cpu=arm
  languageName: node
  linkType: hard

"@esbuild/linux-loong64@npm:0.15.11":
  version: 0.15.11
  resolution: "@esbuild/linux-loong64@npm:0.15.11"
  conditions: os=linux & cpu=loong64
  languageName: node
  linkType: hard

"@react-dnd/asap@npm:^4.0.0":
  version: 4.0.1
  resolution: "@react-dnd/asap@npm:4.0.1"
  checksum: 757db3b5c436a95383b74f187f503321092909401ce9665d9cc1999308a44de22809bf8dbe82c9126bd73b72dd6665bbc4a788e864fc3c243c59f65057a4f87f
  languageName: node
  linkType: hard

"@react-dnd/invariant@npm:2.0.0, @react-dnd/invariant@npm:^2.0.0":
  version: 2.0.0
  resolution: "@react-dnd/invariant@npm:2.0.0"
  checksum: ef1e989920d70b15c80dccb01af9b598081d76993311aa22d2e9a3ec41d10a88540eeec4b4de7a8b2a2ea52dfc3495ab45e39192c2d27795a9258bd6b79d000e
  languageName: node
  linkType: hard

"@react-dnd/shallowequal@npm:^2.0.0":
  version: 2.0.0
  resolution: "@react-dnd/shallowequal@npm:2.0.0"
  checksum: b5bbdc795d65945bb7ba2322bed5cf8d4c6fe91dced98c3b10e3d16822c438f558751135ff296f8d1aa1eaa9d0037dacab2b522ca5eb812175123b9996966dcb
  languageName: node
  linkType: hard

"@types/faker@npm:^4.1.7":
  version: 4.1.12
  resolution: "@types/faker@npm:4.1.12"
  checksum: 7b67f268cf97d5dcc9b715a887ecc98ad6f991db7312e2eb68d097394a027794f212b419e0f65bfe2f0bd59c2c9d266db4515255cbda6011d091dcebdf79af7a
  languageName: node
  linkType: hard

"@types/hoist-non-react-statics@npm:^3.3.1":
  version: 3.3.1
  resolution: "@types/hoist-non-react-statics@npm:3.3.1"
  dependencies:
    "@types/react": "*"
    hoist-non-react-statics: ^3.3.0
  checksum: 2c0778570d9a01d05afabc781b32163f28409bb98f7245c38d5eaf082416fdb73034003f5825eb5e21313044e8d2d9e1f3fe2831e345d3d1b1d20bcd12270719
  languageName: node
  linkType: hard

"@types/lodash@npm:^4.14.146":
  version: 4.14.186
  resolution: "@types/lodash@npm:4.14.186"
  checksum: ee0c1368a8100bb6efb88335107473a41928fc307ff1ef4ff1278868ccddba9c04c68c36d1ffe3a0392ef4a956e1955f7de3203ec09df4f1655dd1b88485c549
  languageName: node
  linkType: hard

"@types/prop-types@npm:*":
  version: 15.7.5
  resolution: "@types/prop-types@npm:15.7.5"
  checksum: 5b43b8b15415e1f298243165f1d44390403bb2bd42e662bca3b5b5633fdd39c938e91b7fce3a9483699db0f7a715d08cef220c121f723a634972fdf596aec980
  languageName: node
  linkType: hard

"@types/react-dom@npm:^16.9.4":
  version: 16.9.16
  resolution: "@types/react-dom@npm:16.9.16"
  dependencies:
    "@types/react": ^16
  checksum: ff65a2a36d493ed6a9032f8a96f06074d940ca63c82d400e21e6ba16d25762b4f5c8cd352b93eb3b7aa820e158b7a6b16e5daffec2a512fa6327b00036cde0a8
  languageName: node
  linkType: hard

"@types/react@npm:*":
  version: 18.0.21
  resolution: "@types/react@npm:18.0.21"
  dependencies:
    "@types/prop-types": "*"
    "@types/scheduler": "*"
    csstype: ^3.0.2
  checksum: 36c1a7c9d507e81e2e629c1ad3db51d7b84d8b010c2d5008da411874286c6a5ccc711ae1d4c470efc0bdc77153cc8804a40e927e929e5164c669ca41b84b846d
  languageName: node
  linkType: hard

"@types/react@npm:^16, @types/react@npm:^16.9.13":
  version: 16.14.32
  resolution: "@types/react@npm:16.14.32"
  dependencies:
    "@types/prop-types": "*"
    "@types/scheduler": "*"
    csstype: ^3.0.2
  checksum: e26290b15049020d1ed09a4f6f3fb93d17079da52850e7ef1a3f5bd19847e1acb921bfca8e602cb6af08cb2e54f1eba252082ab32b96a7db76c07197d20ff88d
  languageName: node
  linkType: hard

"@types/scheduler@npm:*":
  version: 0.16.2
  resolution: "@types/scheduler@npm:0.16.2"
  checksum: b6b4dcfeae6deba2e06a70941860fb1435730576d3689225a421280b7742318d1548b3d22c1f66ab68e414f346a9542f29240bc955b6332c5b11e561077583bc
  languageName: node
  linkType: hard

"csstype@npm:^3.0.2":
  version: 3.1.1
  resolution: "csstype@npm:3.1.1"
  checksum: 1f7b4f5fdd955b7444b18ebdddf3f5c699159f13e9cf8ac9027ae4a60ae226aef9bbb14a6e12ca7dba3358b007cee6354b116e720262867c398de6c955ea451d
  languageName: node
  linkType: hard

"dnd-core@npm:^10.0.2":
  version: 10.0.2
  resolution: "dnd-core@npm:10.0.2"
  dependencies:
    "@react-dnd/asap": ^4.0.0
    "@react-dnd/invariant": ^2.0.0
    redux: ^4.0.4
  checksum: 58771aef103219eccc3a4f1695b6993edad0a922bd50cb66faaf706da69c5fd9dbc59fa786d2581b9adfad09ff1b63994ff6619f54f7ee8ee855e2ad01ae5be6
  languageName: node
  linkType: hard

"esbuild-android-64@npm:0.15.11":
  version: 0.15.11
  resolution: "esbuild-android-64@npm:0.15.11"
  conditions: os=android & cpu=x64
  languageName: node
  linkType: hard

"esbuild-android-arm64@npm:0.15.11":
  version: 0.15.11
  resolution: "esbuild-android-arm64@npm:0.15.11"
  conditions: os=android & cpu=arm64
  languageName: node
  linkType: hard

"esbuild-darwin-64@npm:0.15.11":
  version: 0.15.11
  resolution: "esbuild-darwin-64@npm:0.15.11"
  conditions: os=darwin & cpu=x64
  languageName: node
  linkType: hard

"esbuild-darwin-arm64@npm:0.15.11":
  version: 0.15.11
  resolution: "esbuild-darwin-arm64@npm:0.15.11"
  conditions: os=darwin & cpu=arm64
  languageName: node
  linkType: hard

"esbuild-freebsd-64@npm:0.15.11":
  version: 0.15.11
  resolution: "esbuild-freebsd-64@npm:0.15.11"
  conditions: os=freebsd & cpu=x64
  languageName: node
  linkType: hard

"esbuild-freebsd-arm64@npm:0.15.11":
  version: 0.15.11
  resolution: "esbuild-freebsd-arm64@npm:0.15.11"
  conditions: os=freebsd & cpu=arm64
  languageName: node
  linkType: hard

"esbuild-linux-32@npm:0.15.11":
  version: 0.15.11
  resolution: "esbuild-linux-32@npm:0.15.11"
  conditions: os=linux & cpu=ia32
  languageName: node
  linkType: hard

"esbuild-linux-64@npm:0.15.11":
  version: 0.15.11
  resolution: "esbuild-linux-64@npm:0.15.11"
  conditions: os=linux & cpu=x64
  languageName: node
  linkType: hard

"esbuild-linux-arm64@npm:0.15.11":
  version: 0.15.11
  resolution: "esbuild-linux-arm64@npm:0.15.11"
  conditions: os=linux & cpu=arm64
  languageName: node
  linkType: hard

"esbuild-linux-arm@npm:0.15.11":
  version: 0.15.11
  resolution: "esbuild-linux-arm@npm:0.15.11"
  conditions: os=linux & cpu=arm
  languageName: node
  linkType: hard

"esbuild-linux-mips64le@npm:0.15.11":
  version: 0.15.11
  resolution: "esbuild-linux-mips64le@npm:0.15.11"
  conditions: os=linux & cpu=mips64el
  languageName: node
  linkType: hard

"esbuild-linux-ppc64le@npm:0.15.11":
  version: 0.15.11
  resolution: "esbuild-linux-ppc64le@npm:0.15.11"
  conditions: os=linux & cpu=ppc64
  languageName: node
  linkType: hard

"esbuild-linux-riscv64@npm:0.15.11":
  version: 0.15.11
  resolution: "esbuild-linux-riscv64@npm:0.15.11"
  conditions: os=linux & cpu=riscv64
  languageName: node
  linkType: hard

"esbuild-linux-s390x@npm:0.15.11":
  version: 0.15.11
  resolution: "esbuild-linux-s390x@npm:0.15.11"
  conditions: os=linux & cpu=s390x
  languageName: node
  linkType: hard

"esbuild-netbsd-64@npm:0.15.11":
  version: 0.15.11
  resolution: "esbuild-netbsd-64@npm:0.15.11"
  conditions: os=netbsd & cpu=x64
  languageName: node
  linkType: hard

"esbuild-openbsd-64@npm:0.15.11":
  version: 0.15.11
  resolution: "esbuild-openbsd-64@npm:0.15.11"
  conditions: os=openbsd & cpu=x64
  languageName: node
  linkType: hard

"esbuild-sunos-64@npm:0.15.11":
  version: 0.15.11
  resolution: "esbuild-sunos-64@npm:0.15.11"
  conditions: os=sunos & cpu=x64
  languageName: node
  linkType: hard

"esbuild-windows-32@npm:0.15.11":
  version: 0.15.11
  resolution: "esbuild-windows-32@npm:0.15.11"
  conditions: os=win32 & cpu=ia32
  languageName: node
  linkType: hard

"esbuild-windows-64@npm:0.15.11":
  version: 0.15.11
  resolution: "esbuild-windows-64@npm:0.15.11"
  conditions: os=win32 & cpu=x64
  languageName: node
  linkType: hard

"esbuild-windows-arm64@npm:0.15.11":
  version: 0.15.11
  resolution: "esbuild-windows-arm64@npm:0.15.11"
  conditions: os=win32 & cpu=arm64
  languageName: node
  linkType: hard

"esbuild@npm:^0.15.11":
  version: 0.15.11
  resolution: "esbuild@npm:0.15.11"
  dependencies:
    "@esbuild/android-arm": 0.15.11
    "@esbuild/linux-loong64": 0.15.11
    esbuild-android-64: 0.15.11
    esbuild-android-arm64: 0.15.11
    esbuild-darwin-64: 0.15.11
    esbuild-darwin-arm64: 0.15.11
    esbuild-freebsd-64: 0.15.11
    esbuild-freebsd-arm64: 0.15.11
    esbuild-linux-32: 0.15.11
    esbuild-linux-64: 0.15.11
    esbuild-linux-arm: 0.15.11
    esbuild-linux-arm64: 0.15.11
    esbuild-linux-mips64le: 0.15.11
    esbuild-linux-ppc64le: 0.15.11
    esbuild-linux-riscv64: 0.15.11
    esbuild-linux-s390x: 0.15.11
    esbuild-netbsd-64: 0.15.11
    esbuild-openbsd-64: 0.15.11
    esbuild-sunos-64: 0.15.11
    esbuild-windows-32: 0.15.11
    esbuild-windows-64: 0.15.11
    esbuild-windows-arm64: 0.15.11
  dependenciesMeta:
    "@esbuild/android-arm":
      optional: true
    "@esbuild/linux-loong64":
      optional: true
    esbuild-android-64:
      optional: true
    esbuild-android-arm64:
      optional: true
    esbuild-darwin-64:
      optional: true
    esbuild-darwin-arm64:
      optional: true
    esbuild-freebsd-64:
      optional: true
    esbuild-freebsd-arm64:
      optional: true
    esbuild-linux-32:
      optional: true
    esbuild-linux-64:
      optional: true
    esbuild-linux-arm:
      optional: true
    esbuild-linux-arm64:
      optional: true
    esbuild-linux-mips64le:
      optional: true
    esbuild-linux-ppc64le:
      optional: true
    esbuild-linux-riscv64:
      optional: true
    esbuild-linux-s390x:
      optional: true
    esbuild-netbsd-64:
      optional: true
    esbuild-openbsd-64:
      optional: true
    esbuild-sunos-64:
      optional: true
    esbuild-windows-32:
      optional: true
    esbuild-windows-64:
      optional: true
    esbuild-windows-arm64:
      optional: true
  bin:
    esbuild: bin/esbuild
  checksum: afe5f2e6fb4013760fd12f0662569778317d2d0ba0f96c97e4cc01d38551427b7e7110ac6ab1ab6491f5fbfeb7b97fafa2652ab470251667a5d3b4a7ce68a881
  languageName: node
  linkType: hard

"faker@npm:^4.1.0":
  version: 4.1.0
  resolution: "faker@npm:4.1.0"
  checksum: 01cf5adb155eac95cdb01ee8351213fd0dc354dd3b00cc8e54aa00eb8c9c267649560ec7b1c7caa4de1ae727cea69f2df903badd5339a824c147695d8cd969d6
  languageName: node
  linkType: hard

"hoist-non-react-statics@npm:^3.3.0":
  version: 3.3.2
  resolution: "hoist-non-react-statics@npm:3.3.2"
  dependencies:
    react-is: ^16.7.0
  checksum: b1538270429b13901ee586aa44f4cc3ecd8831c061d06cb8322e50ea17b3f5ce4d0e2e66394761e6c8e152cd8c34fb3b4b690116c6ce2bd45b18c746516cb9e8
  languageName: node
  linkType: hard

"immutability-helper@npm:^3.0.0":
  version: 3.1.1
  resolution: "immutability-helper@npm:3.1.1"
  checksum: 6fdbf6d2123efa567263e904bbaff07aca0e24560d270d34967b03aab8ec20bd3e4057f394d59e50eb6c4718c9415591a6281692bb0aafd522ad72cf4887133f
  languageName: node
  linkType: hard

"js-tokens@npm:^3.0.0 || ^4.0.0":
  version: 4.0.0
  resolution: "js-tokens@npm:4.0.0"
  checksum: 8a95213a5a77deb6cbe94d86340e8d9ace2b93bc367790b260101d2f36a2eaf4e4e22d9fa9cf459b38af3a32fb4190e638024cf82ec95ef708680e405ea7cc78
  languageName: node
  linkType: hard

"lodash@npm:4.17.15":
  version: 4.17.15
  resolution: "lodash@npm:4.17.15"
  checksum: bb689bc88c0645b7002a045cdbe32292ae51d5d2a6f6a5272cb5a5ace9b06700bb3d30c6be6ecfae9a70f9c943f60e90765033fc7ff706cf9219374eeda314ad
  languageName: node
  linkType: hard

"loose-envify@npm:^1.1.0, loose-envify@npm:^1.4.0":
  version: 1.4.0
  resolution: "loose-envify@npm:1.4.0"
  dependencies:
    js-tokens: ^3.0.0 || ^4.0.0
  bin:
    loose-envify: cli.js
  checksum: 6517e24e0cad87ec9888f500c5b5947032cdfe6ef65e1c1936a0c48a524b81e65542c9c3edc91c97d5bddc806ee2a985dbc79be89215d613b1de5db6d1cfe6f4
  languageName: node
  linkType: hard

"object-assign@npm:^4.1.1":
  version: 4.1.1
  resolution: "object-assign@npm:4.1.1"
  checksum: fcc6e4ea8c7fe48abfbb552578b1c53e0d194086e2e6bbbf59e0a536381a292f39943c6e9628af05b5528aa5e3318bb30d6b2e53cadaf5b8fe9e12c4b69af23f
  languageName: node
  linkType: hard

"prop-types@npm:^15.0.0, prop-types@npm:^15.6.2":
  version: 15.8.1
  resolution: "prop-types@npm:15.8.1"
  dependencies:
    loose-envify: ^1.4.0
    object-assign: ^4.1.1
    react-is: ^16.13.1
  checksum: c056d3f1c057cb7ff8344c645450e14f088a915d078dcda795041765047fa080d38e5d626560ccaac94a4e16e3aa15f3557c1a9a8d1174530955e992c675e459
  languageName: node
  linkType: hard

"react-dnd-examples-decorators-esbuild@workspace:.":
  version: 0.0.0-use.local
  resolution: "react-dnd-examples-decorators-esbuild@workspace:."
  dependencies:
    "@types/faker": ^4.1.7
    "@types/lodash": ^4.14.146
    "@types/react": ^16.9.13
    "@types/react-dom": ^16.9.4
    dnd-core: ^10.0.2
    esbuild: ^0.15.11
    faker: ^4.1.0
    immutability-helper: ^3.0.0
    lodash: 4.17.15
    prop-types: ^15.0.0
    react: ^16.12.0
    react-dnd: ^10.0.2
    react-dnd-html5-backend: ^10.0.2
    react-dom: ^16.12.0
    react-frame-component: ^4.1.1
  languageName: unknown
  linkType: soft

"react-dnd-html5-backend@npm:^10.0.2":
  version: 10.0.2
  resolution: "react-dnd-html5-backend@npm:10.0.2"
  dependencies:
    dnd-core: ^10.0.2
  checksum: a3f5d41e71216c52460f9c0f719d08458ff8744ac95c6374d355bb59fbca8263ddadab275b7100336d2085214a0c5bbc03d307ec2161eebb94052922534b51ba
  languageName: node
  linkType: hard

"react-dnd@npm:^10.0.2":
  version: 10.0.2
  resolution: "react-dnd@npm:10.0.2"
  dependencies:
    "@react-dnd/shallowequal": ^2.0.0
    "@types/hoist-non-react-statics": ^3.3.1
    dnd-core: ^10.0.2
    hoist-non-react-statics: ^3.3.0
  peerDependencies:
    react: ">= 16.8"
    react-dom: ">= 16.8"
  checksum: 4ce085a4b09bed8453b50403669495332cd273a892ec8ae0037ad37102afdaf04fbade55b6b1db88f0b21149b7fe7cafceeba697bb0c9aa73244baa8464c963b
  languageName: node
  linkType: hard

"react-dom@npm:^16.12.0":
  version: 16.14.0
  resolution: "react-dom@npm:16.14.0"
  dependencies:
    loose-envify: ^1.1.0
    object-assign: ^4.1.1
    prop-types: ^15.6.2
    scheduler: ^0.19.1
  peerDependencies:
    react: ^16.14.0
  checksum: 5a5c49da0f106b2655a69f96c622c347febcd10532db391c262b26aec225b235357d9da1834103457683482ab1b229af7a50f6927a6b70e53150275e31785544
  languageName: node
  linkType: hard

"react-frame-component@npm:^4.1.1":
  version: 4.1.3
  resolution: "react-frame-component@npm:4.1.3"
  peerDependencies:
    prop-types: ^15.5.9
    react: ">= 16.3"
    react-dom: ">= 16.3"
  checksum: e37d1eac60766bec31e521024de8dd57a5ecf1a0baf3da3ddc44a12ece4316a05c6f0dd3d4f0c5eecbe4b12a37f5e867fe26c5ad56e1d64239b11a4bcebbd6f7
  languageName: node
  linkType: hard

"react-is@npm:^16.13.1, react-is@npm:^16.7.0":
  version: 16.13.1
  resolution: "react-is@npm:16.13.1"
  checksum: f7a19ac3496de32ca9ae12aa030f00f14a3d45374f1ceca0af707c831b2a6098ef0d6bdae51bd437b0a306d7f01d4677fcc8de7c0d331eb47ad0f46130e53c5f
  languageName: node
  linkType: hard

"react@npm:^16.12.0":
  version: 16.14.0
  resolution: "react@npm:16.14.0"
  dependencies:
    loose-envify: ^1.1.0
    object-assign: ^4.1.1
    prop-types: ^15.6.2
  checksum: 8484f3ecb13414526f2a7412190575fc134da785c02695eb92bb6028c930bfe1c238d7be2a125088fec663cc7cda0a3623373c46807cf2c281f49c34b79881ac
  languageName: node
  linkType: hard

"redux@npm:^4.0.4":
  version: 4.2.0
  resolution: "redux@npm:4.2.0"
  dependencies:
    "@babel/runtime": ^7.9.2
  checksum: 75f3955c89b3f18edf5411e5fb482aa2e4f41a416183e8802a6bf6472c4fc3d47675b8b321d147f8af8e0f616436ac507bf5a25f1c4d6180e797b549c7db2c1d
  languageName: node
  linkType: hard

"regenerator-runtime@npm:^0.13.4":
  version: 0.13.10
  resolution: "regenerator-runtime@npm:0.13.10"
  checksum: 09893f5a9e82932642d9a999716b6c626dc53ef2a01307c952ebbf8e011802360163a37c304c18a6c358548be5a72b448e37209954a18696f21e438c81cbb4b9
  languageName: node
  linkType: hard

"scheduler@npm:^0.19.1":
  version: 0.19.1
  resolution: "scheduler@npm:0.19.1"
  dependencies:
    loose-envify: ^1.1.0
    object-assign: ^4.1.1
  checksum: 73e185a59e2ff5aa3609f5b9cb97ddd376f89e1610579d29939d952411ca6eb7a24907a4ea4556569dacb931467a1a4a56d94fe809ef713aa76748642cd96a6c
  languageName: node
  linkType: hard
